# This file is automatically @generated by Cargo.
# It is not intended for manual editing.
version = 4

[[package]]
name = "backgammonlib"
version = "0.1.0"
dependencies = [
 "micromap",
]

[[package]]
name = "micromap"
version = "0.1.0"
source = "registry+https://github.com/rust-lang/crates.io-index"
checksum = "18c087666f377f857b49564f8791b481260c67825d6b337e1e38ddf54a985a88"
